
Microsoft Visual Studio Solution File, Format Version 12.00
# Visual Studio Version 16
VisualStudioVersion = 16.0.31911.196
MinimumVisualStudioVersion = 10.0.40219.1
Project("{9A19103F-16F7-4668-BE54-9A1E7A4F7556}") = "WebApplication1", "WebApplication1\WebApplication1.csproj", "{FF7B2338-333C-4C3F-AC9D-8029FDA90638}"
EndProject
Project("{9A19103F-16F7-4668-BE54-9A1E7A4F7556}") = "Repositories", "Repositories\Repositories.csproj", "{A98382B6-00C6-411F-95DA-C9623CBFD658}"
EndProject
Project("{9A19103F-16F7-4668-BE54-9A1E7A4F7556}") = "DB", "DB\DB.csproj", "{607FCD5A-5D53-4787-8568-DE8B19051723}"
EndProject
Project("{FAE04EC0-301F-11D3-BF4B-00C04F79EFBC}") = "Common", "Common\Common.csproj", "{D7BB740C-2271-4439-91ED-3610BE952168}"
EndProject
Project("{FAE04EC0-301F-11D3-BF4B-00C04F79EFBC}") = "Domain", "Domain\Domain.csproj", "{0C6C85BE-2F93-4F83-90D1-90D7E7AE9EE4}"
EndProject
Global
	GlobalSection(SolutionConfigurationPlatforms) = preSolution
		Debug|Any CPU = Debug|Any CPU
		Release|Any CPU = Release|Any CPU
	EndGlobalSection
	GlobalSection(ProjectConfigurationPlatforms) = postSolution
		{FF7B2338-333C-4C3F-AC9D-8029FDA90638}.Debug|Any CPU.ActiveCfg = Debug|Any CPU
		{FF7B2338-333C-4C3F-AC9D-8029FDA90638}.Debug|Any CPU.Build.0 = Debug|Any CPU
		{FF7B2338-333C-4C3F-AC9D-8029FDA90638}.Release|Any CPU.ActiveCfg = Release|Any CPU
		{FF7B2338-333C-4C3F-AC9D-8029FDA90638}.Release|Any CPU.Build.0 = Release|Any CPU
		{A98382B6-00C6-411F-95DA-C9623CBFD658}.Debug|Any CPU.ActiveCfg = Debug|Any CPU
		{A98382B6-00C6-411F-95DA-C9623CBFD658}.Debug|Any CPU.Build.0 = Debug|Any CPU
		{A98382B6-00C6-411F-95DA-C9623CBFD658}.Release|Any CPU.ActiveCfg = Release|Any CPU
		{A98382B6-00C6-411F-95DA-C9623CBFD658}.Release|Any CPU.Build.0 = Release|Any CPU
		{607FCD5A-5D53-4787-8568-DE8B19051723}.Debug|Any CPU.ActiveCfg = Debug|Any CPU
		{607FCD5A-5D53-4787-8568-DE8B19051723}.Debug|Any CPU.Build.0 = Debug|Any CPU
		{607FCD5A-5D53-4787-8568-DE8B19051723}.Release|Any CPU.ActiveCfg = Release|Any CPU
		{607FCD5A-5D53-4787-8568-DE8B19051723}.Release|Any CPU.Build.0 = Release|Any CPU
		{D7BB740C-2271-4439-91ED-3610BE952168}.Debug|Any CPU.ActiveCfg = Debug|Any CPU
		{D7BB740C-2271-4439-91ED-3610BE952168}.Debug|Any CPU.Build.0 = Debug|Any CPU
		{D7BB740C-2271-4439-91ED-3610BE952168}.Release|Any CPU.ActiveCfg = Release|Any CPU
		{D7BB740C-2271-4439-91ED-3610BE952168}.Release|Any CPU.Build.0 = Release|Any CPU
		{0C6C85BE-2F93-4F83-90D1-90D7E7AE9EE4}.Debug|Any CPU.ActiveCfg = Debug|Any CPU
		{0C6C85BE-2F93-4F83-90D1-90D7E7AE9EE4}.Debug|Any CPU.Build.0 = Debug|Any CPU
		{0C6C85BE-2F93-4F83-90D1-90D7E7AE9EE4}.Release|Any CPU.ActiveCfg = Release|Any CPU
		{0C6C85BE-2F93-4F83-90D1-90D7E7AE9EE4}.Release|Any CPU.Build.0 = Release|Any CPU
	EndGlobalSection
	GlobalSection(SolutionProperties) = preSolution
		HideSolutionNode = FALSE
	EndGlobalSection
	GlobalSection(ExtensibilityGlobals) = postSolution
		SolutionGuid = {FAEFA516-50DD-4DBC-A9B8-99E7391B7C5D}
	EndGlobalSection
EndGlobal
